
Microsoft Visual Studio Solution File, Format Version 12.00
# Visual Studio Version 16
VisualStudioVersion = 16.0.30907.101
MinimumVisualStudioVersion = 10.0.40219.1
Project("{FAE04EC0-301F-11D3-BF4B-00C04F79EFBC}") = "alefba.api", "alefba\alefba.api.csproj", "{3783FA77-595C-4294-B54A-EDFDDEA3FB77}"
EndProject
Global
	GlobalSection(SolutionConfigurationPlatforms) = preSolution
		Debug|Any CPU = Debug|Any CPU
		Release|Any CPU = Release|Any CPU
	EndGlobalSection
	GlobalSection(ProjectConfigurationPlatforms) = postSolution
		{3783FA77-595C-4294-B54A-EDFDDEA3FB77}.Debug|Any CPU.ActiveCfg = Debug|Any CPU
		{3783FA77-595C-4294-B54A-EDFDDEA3FB77}.Debug|Any CPU.Build.0 = Debug|Any CPU
		{3783FA77-595C-4294-B54A-EDFDDEA3FB77}.Release|Any CPU.ActiveCfg = Release|Any CPU
		{3783FA77-595C-4294-B54A-EDFDDEA3FB77}.Release|Any CPU.Build.0 = Release|Any CPU
	EndGlobalSection
	GlobalSection(SolutionProperties) = preSolution
		HideSolutionNode = FALSE
	EndGlobalSection
	GlobalSection(ExtensibilityGlobals) = postSolution
		SolutionGuid = {08B070A8-05FA-406A-A296-6F60B1E22622}
	EndGlobalSection
EndGlobal
